PODS:
  - Alamofire (4.7.1)
  - IQKeyboardManagerSwift (5.0.8)
  - KeychainSwift (9.0.2)
  - PusherSwift (5.1.1)
  - PushNotifications (0.10.6)

DEPENDENCIES:
  - Alamofire (~> 4.6)
  - IQKeyboardManagerSwift
  - KeychainSwift (~> 9.0)
  - PusherSwift
  - PushNotifications

SPEC REPOS:
  https://github.com/CocoaPods/Specs.git:
    - Alamofire
    - IQKeyboardManagerSwift
    - KeychainSwift
    - PusherSwift
    - PushNotifications

SPEC CHECKSUMS:
  Alamofire: 68d7d521118d49c615a8d2214d87cdf525599d30
  IQKeyboardManagerSwift: 2e7dc7f98c111458c1ea2b373f893e8cf95e2b97
  KeychainSwift: 3ab1d428d0dbff59cd056f1d0bfc640b36c2b081
  PusherSwift: de9238b6b9faec5275d452e5f43ce9c82b78731e
  PushNotifications: 7f58dc67d51eeb30011807b7ce6bb19e8e0e59d4

PODFILE CHECKSUM: a1f01aa6f2033cdfae48f262539606741f7c39e0

COCOAPODS: 1.5.0
