// !$*UTF8*$!
{
	archiveVersion = 1;
	classes = {
	};
	objectVersion = 48;
	objects = {

/* Begin PBXBuildFile section */
		6C3FED2E2074A134006D45D5 /* Message.swift in Sources */ = {isa = PBXBuildFile; fileRef = 6C3FED2D2074A134006D45D5 /* Message.swift */; };
		6C3FED302074A79A006D45D5 /* ConversationViewModel.swift in Sources */ = {isa = PBXBuildFile; fileRef = 6C3FED2F2074A79A006D45D5 /* ConversationViewModel.swift */; };
		6C4A53DD20775F6D00D00C4F /* ConversationVC+Extension.swift in Sources */ = {isa = PBXBuildFile; fileRef = 6C4A53DC20775F6D00D00C4F /* ConversationVC+Extension.swift */; };
		6C4A53E3207847E800D00C4F /* LoginVC.swift in Sources */ = {isa = PBXBuildFile; fileRef = 6C4A53E2207847E800D00C4F /* LoginVC.swift */; };
		6C4A53E52078481400D00C4F /* EditVC.swift in Sources */ = {isa = PBXBuildFile; fileRef = 6C4A53E42078481400D00C4F /* EditVC.swift */; };
		6C4A53E8207849CA00D00C4F /* AppDelegateViewModel.swift in Sources */ = {isa = PBXBuildFile; fileRef = 6C4A53E7207849CA00D00C4F /* AppDelegateViewModel.swift */; };
		6C4A53EA20784B1E00D00C4F /* AppKeys.swift in Sources */ = {isa = PBXBuildFile; fileRef = 6C4A53E920784B1E00D00C4F /* AppKeys.swift */; };
		6C4A53EC2078603500D00C4F /* UIWindow+Extensions.swift in Sources */ = {isa = PBXBuildFile; fileRef = 6C4A53EB2078603500D00C4F /* UIWindow+Extensions.swift */; };
		6C4A53EE207860AE00D00C4F /* UIColor+Extensions.swift in Sources */ = {isa = PBXBuildFile; fileRef = 6C4A53ED207860AE00D00C4F /* UIColor+Extensions.swift */; };
		6C4A53F02078716600D00C4F /* UIViewController+Extensions.swift in Sources */ = {isa = PBXBuildFile; fileRef = 6C4A53EF2078716600D00C4F /* UIViewController+Extensions.swift */; };
		6C4A53F22078726700D00C4F /* UserSignUp.swift in Sources */ = {isa = PBXBuildFile; fileRef = 6C4A53F12078726700D00C4F /* UserSignUp.swift */; };
		6C4A53F42078844D00D00C4F /* OpenningVC.swift in Sources */ = {isa = PBXBuildFile; fileRef = 6C4A53F32078844D00D00C4F /* OpenningVC.swift */; };
		6C4A53F82079E3D500D00C4F /* EditVC+PhotoExtension.swift in Sources */ = {isa = PBXBuildFile; fileRef = 6C4A53F62079E3D400D00C4F /* EditVC+PhotoExtension.swift */; };
		6C4A53F92079E3D500D00C4F /* UploadImage.swift in Sources */ = {isa = PBXBuildFile; fileRef = 6C4A53F72079E3D400D00C4F /* UploadImage.swift */; };
		6C4A53FE207A13CC00D00C4F /* EditVC+Extension.swift in Sources */ = {isa = PBXBuildFile; fileRef = 6C4A53FD207A13CC00D00C4F /* EditVC+Extension.swift */; };
		6C4A5400207AF1E900D00C4F /* UICollectionCell+Extension.swift in Sources */ = {isa = PBXBuildFile; fileRef = 6C4A53FF207AF1E800D00C4F /* UICollectionCell+Extension.swift */; };
		6C4A5403207AF33100D00C4F /* UIButton+Extension.swift in Sources */ = {isa = PBXBuildFile; fileRef = 6C4A5402207AF33100D00C4F /* UIButton+Extension.swift */; };
		6C4A5405207B201400D00C4F /* UITextField+Extension.swift in Sources */ = {isa = PBXBuildFile; fileRef = 6C4A5404207B201400D00C4F /* UITextField+Extension.swift */; };
		6C56189A20670FEE00DCAA46 /* AppDelegate.swift in Sources */ = {isa = PBXBuildFile; fileRef = 6C56189920670FEE00DCAA46 /* AppDelegate.swift */; };
		6C56189C20670FEE00DCAA46 /* ViewController.swift in Sources */ = {isa = PBXBuildFile; fileRef = 6C56189B20670FEE00DCAA46 /* ViewController.swift */; };
		6C5618A120670FEE00DCAA46 /* Assets.xcassets in Resources */ = {isa = PBXBuildFile; fileRef = 6C5618A020670FEE00DCAA46 /* Assets.xcassets */; };
		6C5618A420670FEE00DCAA46 /* LaunchScreen.storyboard in Resources */ = {isa = PBXBuildFile; fileRef = 6C5618A220670FEE00DCAA46 /* LaunchScreen.storyboard */; };
		6C5618AC206714C700DCAA46 /* Credentials.swift in Sources */ = {isa = PBXBuildFile; fileRef = 6C5618AB206714C700DCAA46 /* Credentials.swift */; };
		6C5618AE206B647B00DCAA46 /* PusherHelpers.swift in Sources */ = {isa = PBXBuildFile; fileRef = 6C5618AD206B647B00DCAA46 /* PusherHelpers.swift */; };
		6C5618B1206B78D000DCAA46 /* TabBarController.swift in Sources */ = {isa = PBXBuildFile; fileRef = 6C5618B0206B78D000DCAA46 /* TabBarController.swift */; };
		6C5618B5206B7A6300DCAA46 /* MatchesVC.swift in Sources */ = {isa = PBXBuildFile; fileRef = 6C5618B4206B7A6300DCAA46 /* MatchesVC.swift */; };
		6C5618B7206B7AE600DCAA46 /* MessagesVC.swift in Sources */ = {isa = PBXBuildFile; fileRef = 6C5618B6206B7AE600DCAA46 /* MessagesVC.swift */; };
		6C5618B9206B7B1600DCAA46 /* ProfileVC.swift in Sources */ = {isa = PBXBuildFile; fileRef = 6C5618B8206B7B1600DCAA46 /* ProfileVC.swift */; };
		6C5618BB206C15F000DCAA46 /* UIView+AutoLayout.swift in Sources */ = {isa = PBXBuildFile; fileRef = 6C5618BA206C15F000DCAA46 /* UIView+AutoLayout.swift */; };
		6C5618BE206C41C100DCAA46 /* ServerNetworking.swift in Sources */ = {isa = PBXBuildFile; fileRef = 6C5618BD206C41C100DCAA46 /* ServerNetworking.swift */; };
		6C5618C0206C444900DCAA46 /* User.swift in Sources */ = {isa = PBXBuildFile; fileRef = 6C5618BF206C444900DCAA46 /* User.swift */; };
		6C5618C2206C4E9400DCAA46 /* UserViewModel.swift in Sources */ = {isa = PBXBuildFile; fileRef = 6C5618C1206C4E9400DCAA46 /* UserViewModel.swift */; };
		6C5618C4206C533100DCAA46 /* UIImageView+Extension.swift in Sources */ = {isa = PBXBuildFile; fileRef = 6C5618C3206C533100DCAA46 /* UIImageView+Extension.swift */; };
		6C5618C6206D7B6000DCAA46 /* CollectionViewDataSource.swift in Sources */ = {isa = PBXBuildFile; fileRef = 6C5618C5206D7B6000DCAA46 /* CollectionViewDataSource.swift */; };
		6C5618CC206D7C9100DCAA46 /* MatchesListCell.swift in Sources */ = {isa = PBXBuildFile; fileRef = 6C5618CB206D7C9100DCAA46 /* MatchesListCell.swift */; };
		6CBC6BFC2070D4410039A4F6 /* Match.swift in Sources */ = {isa = PBXBuildFile; fileRef = 6CBC6BFB2070D4410039A4F6 /* Match.swift */; };
		6CC44BB22073000500AB92A4 /* URLParam+Extension.swift in Sources */ = {isa = PBXBuildFile; fileRef = 6CC44BB12073000500AB92A4 /* URLParam+Extension.swift */; };
		6CC44BB420736D0C00AB92A4 /* ConversationVC.swift in Sources */ = {isa = PBXBuildFile; fileRef = 6CC44BB320736D0C00AB92A4 /* ConversationVC.swift */; };
		6CC44BB620744A7400AB92A4 /* ConversationCell.swift in Sources */ = {isa = PBXBuildFile; fileRef = 6CC44BB520744A7400AB92A4 /* ConversationCell.swift */; };
		6CE702F92070801A00D2A630 /* TableDataSource.swift in Sources */ = {isa = PBXBuildFile; fileRef = 6CE702F82070801A00D2A630 /* TableDataSource.swift */; };
		6CE702FE207080E100D2A630 /* MessageViewModel.swift in Sources */ = {isa = PBXBuildFile; fileRef = 6CE702FD207080E100D2A630 /* MessageViewModel.swift */; };
		6CE70301207081B100D2A630 /* MessageCell.swift in Sources */ = {isa = PBXBuildFile; fileRef = 6CE70300207081B100D2A630 /* MessageCell.swift */; };
		6CFC4753207DF91D0042F96F /* UIView+Extension.swift in Sources */ = {isa = PBXBuildFile; fileRef = 6CFC4752207DF91D0042F96F /* UIView+Extension.swift */; };
		6CFC4755207EB5820042F96F /* CollectionView+Extension.swift in Sources */ = {isa = PBXBuildFile; fileRef = 6CFC4754207EB5820042F96F /* CollectionView+Extension.swift */; };
		DE532E60246C0105584CB7FF /* Pods_Mentor_iOS.framework in Frameworks */ = {isa = PBXBuildFile; fileRef = B81E3CB86C48174EEA96C22B /* Pods_Mentor_iOS.framework */; };
/* End PBXBuildFile section */

/* Begin PBXFileReference section */
		3FE405E811336B6A2A476782 /* Pods-Mentor-iOS.debug.xcconfig */ = {isa = PBXFileReference; includeInIndex = 1; lastKnownFileType = text.xcconfig; name = "Pods-Mentor-iOS.debug.xcconfig"; path = "Pods/Target Support Files/Pods-Mentor-iOS/Pods-Mentor-iOS.debug.xcconfig"; sourceTree = "<group>"; };
		6C3FED2D2074A134006D45D5 /* Message.swift */ = {isa = PBXFileReference; lastKnownFileType = sourcecode.swift; path = Message.swift; sourceTree = "<group>"; };
		6C3FED2F2074A79A006D45D5 /* ConversationViewModel.swift */ = {isa = PBXFileReference; lastKnownFileType = sourcecode.swift; path = ConversationViewModel.swift; sourceTree = "<group>"; };
		6C4A53DC20775F6D00D00C4F /* ConversationVC+Extension.swift */ = {isa = PBXFileReference; lastKnownFileType = sourcecode.swift; path = "ConversationVC+Extension.swift"; sourceTree = "<group>"; };
		6C4A53E2207847E800D00C4F /* LoginVC.swift */ = {isa = PBXFileReference; lastKnownFileType = sourcecode.swift; path = LoginVC.swift; sourceTree = "<group>"; };
		6C4A53E42078481400D00C4F /* EditVC.swift */ = {isa = PBXFileReference; lastKnownFileType = sourcecode.swift; path = EditVC.swift; sourceTree = "<group>"; };
		6C4A53E7207849CA00D00C4F /* AppDelegateViewModel.swift */ = {isa = PBXFileReference; lastKnownFileType = sourcecode.swift; path = AppDelegateViewModel.swift; sourceTree = "<group>"; };
		6C4A53E920784B1E00D00C4F /* AppKeys.swift */ = {isa = PBXFileReference; lastKnownFileType = sourcecode.swift; path = AppKeys.swift; sourceTree = "<group>"; };
		6C4A53EB2078603500D00C4F /* UIWindow+Extensions.swift */ = {isa = PBXFileReference; lastKnownFileType = sourcecode.swift; path = "UIWindow+Extensions.swift"; sourceTree = "<group>"; };
		6C4A53ED207860AE00D00C4F /* UIColor+Extensions.swift */ = {isa = PBXFileReference; lastKnownFileType = sourcecode.swift; path = "UIColor+Extensions.swift"; sourceTree = "<group>"; };
		6C4A53EF2078716600D00C4F /* UIViewController+Extensions.swift */ = {isa = PBXFileReference; lastKnownFileType = sourcecode.swift; path = "UIViewController+Extensions.swift"; sourceTree = "<group>"; };
		6C4A53F12078726700D00C4F /* UserSignUp.swift */ = {isa = PBXFileReference; lastKnownFileType = sourcecode.swift; path = UserSignUp.swift; sourceTree = "<group>"; };
		6C4A53F32078844D00D00C4F /* OpenningVC.swift */ = {isa = PBXFileReference; lastKnownFileType = sourcecode.swift; path = OpenningVC.swift; sourceTree = "<group>"; };
		6C4A53F62079E3D400D00C4F /* EditVC+PhotoExtension.swift */ = {isa = PBXFileReference; fileEncoding = 4; lastKnownFileType = sourcecode.swift; name = "EditVC+PhotoExtension.swift"; path = "Mentor-iOS/UI/Scenes/Profile/EditVC+PhotoExtension.swift"; sourceTree = SOURCE_ROOT; };
		6C4A53F72079E3D400D00C4F /* UploadImage.swift */ = {isa = PBXFileReference; fileEncoding = 4; lastKnownFileType = sourcecode.swift; name = UploadImage.swift; path = "Mentor-iOS/UI/Scenes/Profile/UploadImage.swift"; sourceTree = SOURCE_ROOT; };
		6C4A53FD207A13CC00D00C4F /* EditVC+Extension.swift */ = {isa = PBXFileReference; lastKnownFileType = sourcecode.swift; path = "EditVC+Extension.swift"; sourceTree = "<group>"; };
		6C4A53FF207AF1E800D00C4F /* UICollectionCell+Extension.swift */ = {isa = PBXFileReference; lastKnownFileType = sourcecode.swift; path = "UICollectionCell+Extension.swift"; sourceTree = "<group>"; };
		6C4A5402207AF33100D00C4F /* UIButton+Extension.swift */ = {isa = PBXFileReference; lastKnownFileType = sourcecode.swift; path = "UIButton+Extension.swift"; sourceTree = "<group>"; };
		6C4A5404207B201400D00C4F /* UITextField+Extension.swift */ = {isa = PBXFileReference; lastKnownFileType = sourcecode.swift; path = "UITextField+Extension.swift"; sourceTree = "<group>"; };
		6C56189620670FEE00DCAA46 /* Mentor-iOS.app */ = {isa = PBXFileReference; explicitFileType = wrapper.application; includeInIndex = 0; path = "Mentor-iOS.app"; sourceTree = BUILT_PRODUCTS_DIR; };
		6C56189920670FEE00DCAA46 /* AppDelegate.swift */ = {isa = PBXFileReference; lastKnownFileType = sourcecode.swift; path = AppDelegate.swift; sourceTree = "<group>"; };
		6C56189B20670FEE00DCAA46 /* ViewController.swift */ = {isa = PBXFileReference; lastKnownFileType = sourcecode.swift; path = ViewController.swift; sourceTree = "<group>"; };
		6C5618A020670FEE00DCAA46 /* Assets.xcassets */ = {isa = PBXFileReference; lastKnownFileType = folder.assetcatalog; path = Assets.xcassets; sourceTree = "<group>"; };
		6C5618A320670FEE00DCAA46 /* Base */ = {isa = PBXFileReference; lastKnownFileType = file.storyboard; name = Base; path = Base.lproj/LaunchScreen.storyboard; sourceTree = "<group>"; };
		6C5618A520670FEE00DCAA46 /* Info.plist */ = {isa = PBXFileReference; lastKnownFileType = text.plist.xml; path = Info.plist; sourceTree = "<group>"; };
		6C5618AB206714C700DCAA46 /* Credentials.swift */ = {isa = PBXFileReference; lastKnownFileType = sourcecode.swift; path = Credentials.swift; sourceTree = "<group>"; };
		6C5618AD206B647B00DCAA46 /* PusherHelpers.swift */ = {isa = PBXFileReference; lastKnownFileType = sourcecode.swift; path = PusherHelpers.swift; sourceTree = "<group>"; };
		6C5618B0206B78D000DCAA46 /* TabBarController.swift */ = {isa = PBXFileReference; lastKnownFileType = sourcecode.swift; path = TabBarController.swift; sourceTree = "<group>"; };
		6C5618B4206B7A6300DCAA46 /* MatchesVC.swift */ = {isa = PBXFileReference; lastKnownFileType = sourcecode.swift; path = MatchesVC.swift; sourceTree = "<group>"; };
		6C5618B6206B7AE600DCAA46 /* MessagesVC.swift */ = {isa = PBXFileReference; lastKnownFileType = sourcecode.swift; path = MessagesVC.swift; sourceTree = "<group>"; };
		6C5618B8206B7B1600DCAA46 /* ProfileVC.swift */ = {isa = PBXFileReference; lastKnownFileType = sourcecode.swift; path = ProfileVC.swift; sourceTree = "<group>"; };
		6C5618BA206C15F000DCAA46 /* UIView+AutoLayout.swift */ = {isa = PBXFileReference; lastKnownFileType = sourcecode.swift; path = "UIView+AutoLayout.swift"; sourceTree = "<group>"; };
		6C5618BD206C41C100DCAA46 /* ServerNetworking.swift */ = {isa = PBXFileReference; lastKnownFileType = sourcecode.swift; path = ServerNetworking.swift; sourceTree = "<group>"; };
		6C5618BF206C444900DCAA46 /* User.swift */ = {isa = PBXFileReference; lastKnownFileType = sourcecode.swift; path = User.swift; sourceTree = "<group>"; };
		6C5618C1206C4E9400DCAA46 /* UserViewModel.swift */ = {isa = PBXFileReference; lastKnownFileType = sourcecode.swift; path = UserViewModel.swift; sourceTree = "<group>"; };
		6C5618C3206C533100DCAA46 /* UIImageView+Extension.swift */ = {isa = PBXFileReference; lastKnownFileType = sourcecode.swift; path = "UIImageView+Extension.swift"; sourceTree = "<group>"; };
		6C5618C5206D7B6000DCAA46 /* CollectionViewDataSource.swift */ = {isa = PBXFileReference; lastKnownFileType = sourcecode.swift; path = CollectionViewDataSource.swift; sourceTree = "<group>"; };
		6C5618CB206D7C9100DCAA46 /* MatchesListCell.swift */ = {isa = PBXFileReference; lastKnownFileType = sourcecode.swift; path = MatchesListCell.swift; sourceTree = "<group>"; };
		6CBC6BFB2070D4410039A4F6 /* Match.swift */ = {isa = PBXFileReference; lastKnownFileType = sourcecode.swift; path = Match.swift; sourceTree = "<group>"; };
		6CC44BB12073000500AB92A4 /* URLParam+Extension.swift */ = {isa = PBXFileReference; lastKnownFileType = sourcecode.swift; path = "URLParam+Extension.swift"; sourceTree = "<group>"; };
		6CC44BB320736D0C00AB92A4 /* ConversationVC.swift */ = {isa = PBXFileReference; lastKnownFileType = sourcecode.swift; path = ConversationVC.swift; sourceTree = "<group>"; };
		6CC44BB520744A7400AB92A4 /* ConversationCell.swift */ = {isa = PBXFileReference; lastKnownFileType = sourcecode.swift; path = ConversationCell.swift; sourceTree = "<group>"; };
		6CE702F82070801A00D2A630 /* TableDataSource.swift */ = {isa = PBXFileReference; lastKnownFileType = sourcecode.swift; path = TableDataSource.swift; sourceTree = "<group>"; };
		6CE702FD207080E100D2A630 /* MessageViewModel.swift */ = {isa = PBXFileReference; lastKnownFileType = sourcecode.swift; path = MessageViewModel.swift; sourceTree = "<group>"; };
		6CE70300207081B100D2A630 /* MessageCell.swift */ = {isa = PBXFileReference; lastKnownFileType = sourcecode.swift; path = MessageCell.swift; sourceTree = "<group>"; };
		6CFC4752207DF91D0042F96F /* UIView+Extension.swift */ = {isa = PBXFileReference; lastKnownFileType = sourcecode.swift; path = "UIView+Extension.swift"; sourceTree = "<group>"; };
		6CFC4754207EB5820042F96F /* CollectionView+Extension.swift */ = {isa = PBXFileReference; lastKnownFileType = sourcecode.swift; path = "CollectionView+Extension.swift"; sourceTree = "<group>"; };
		6CFC47AA207ECB920042F96F /* Mentor-iOS.entitlements */ = {isa = PBXFileReference; lastKnownFileType = text.plist.entitlements; path = "Mentor-iOS.entitlements"; sourceTree = "<group>"; };
		B81E3CB86C48174EEA96C22B /* Pods_Mentor_iOS.framework */ = {isa = PBXFileReference; explicitFileType = wrapper.framework; includeInIndex = 0; path = Pods_Mentor_iOS.framework; sourceTree = BUILT_PRODUCTS_DIR; };
		C84BB0C96CC25AC9880D289B /* Pods-Mentor-iOS.release.xcconfig */ = {isa = PBXFileReference; includeInIndex = 1; lastKnownFileType = text.xcconfig; name = "Pods-Mentor-iOS.release.xcconfig"; path = "Pods/Target Support Files/Pods-Mentor-iOS/Pods-Mentor-iOS.release.xcconfig"; sourceTree = "<group>"; };
/* End PBXFileReference section */

/* Begin PBXFrameworksBuildPhase section */
		6C56189320670FEE00DCAA46 /* Frameworks */ = {
			isa = PBXFrameworksBuildPhase;
			buildActionMask = 2147483647;
			files = (
				DE532E60246C0105584CB7FF /* Pods_Mentor_iOS.framework in Frameworks */,
			);
			runOnlyForDeploymentPostprocessing = 0;
		};
/* End PBXFrameworksBuildPhase section */

/* Begin PBXGroup section */
		6C4A53DA20775A6900D00C4F /* UI */ = {
			isa = PBXGroup;
			children = (
				6C4A53E12078478600D00C4F /* Scenes */,
				6C5618C9206D7BAB00DCAA46 /* DataSources */,
				6CE702F720706CFD00D2A630 /* TabBar */,
				6C4A53DB20775A6F00D00C4F /* GlobalViewModels */,
			);
			path = UI;
			sourceTree = "<group>";
		};
		6C4A53DB20775A6F00D00C4F /* GlobalViewModels */ = {
			isa = PBXGroup;
			children = (
				6CE702FD207080E100D2A630 /* MessageViewModel.swift */,
			);
			path = GlobalViewModels;
			sourceTree = "<group>";
		};
		6C4A53DE20776B9B00D00C4F /* ViewModels */ = {
			isa = PBXGroup;
			children = (
				6C5618C1206C4E9400DCAA46 /* UserViewModel.swift */,
			);
			path = ViewModels;
			sourceTree = "<group>";
		};
		6C4A53DF20776BA300D00C4F /* ViewControllers */ = {
			isa = PBXGroup;
			children = (
				6C5618B8206B7B1600DCAA46 /* ProfileVC.swift */,
				6C4A53E42078481400D00C4F /* EditVC.swift */,
				6C4A53FD207A13CC00D00C4F /* EditVC+Extension.swift */,
			);
			path = ViewControllers;
			sourceTree = "<group>";
		};
		6C4A53E02078475700D00C4F /* Auth */ = {
			isa = PBXGroup;
			children = (
				6C4A53F32078844D00D00C4F /* OpenningVC.swift */,
				6C4A53E2207847E800D00C4F /* LoginVC.swift */,
			);
			path = Auth;
			sourceTree = "<group>";
		};
		6C4A53E12078478600D00C4F /* Scenes */ = {
			isa = PBXGroup;
			children = (
				6C4A53E6207849BA00D00C4F /* AppDelegate */,
				6C4A53E02078475700D00C4F /* Auth */,
				6C5618B3206B7A1400DCAA46 /* Profile */,
				6C5618B2206B7A0B00DCAA46 /* Messages */,
				6C5618AF206B787B00DCAA46 /* Matches */,
			);
			path = Scenes;
			sourceTree = "<group>";
		};
		6C4A53E6207849BA00D00C4F /* AppDelegate */ = {
			isa = PBXGroup;
			children = (
				6C56189920670FEE00DCAA46 /* AppDelegate.swift */,
				6C4A53E7207849CA00D00C4F /* AppDelegateViewModel.swift */,
				6C4A53E920784B1E00D00C4F /* AppKeys.swift */,
			);
			path = AppDelegate;
			sourceTree = "<group>";
		};
		6C4A53F52079E3BB00D00C4F /* PhotoUpload */ = {
			isa = PBXGroup;
			children = (
				6C4A53F62079E3D400D00C4F /* EditVC+PhotoExtension.swift */,
				6C4A53F72079E3D400D00C4F /* UploadImage.swift */,
			);
			path = PhotoUpload;
			sourceTree = "<group>";
		};
		6C4A5401207AF2E100D00C4F /* CustomDesign */ = {
			isa = PBXGroup;
			children = (
				6C4A53FF207AF1E800D00C4F /* UICollectionCell+Extension.swift */,
				6C4A53ED207860AE00D00C4F /* UIColor+Extensions.swift */,
				6C4A53EB2078603500D00C4F /* UIWindow+Extensions.swift */,
				6C5618BA206C15F000DCAA46 /* UIView+AutoLayout.swift */,
				6C4A5402207AF33100D00C4F /* UIButton+Extension.swift */,
				6C4A5404207B201400D00C4F /* UITextField+Extension.swift */,
				6CFC4752207DF91D0042F96F /* UIView+Extension.swift */,
				6CFC4754207EB5820042F96F /* CollectionView+Extension.swift */,
			);
			path = CustomDesign;
			sourceTree = "<group>";
		};
		6C56188D20670FEE00DCAA46 = {
			isa = PBXGroup;
			children = (
				6C56189820670FEE00DCAA46 /* Mentor-iOS */,
				6C56189720670FEE00DCAA46 /* Products */,
				95E63E73D7D76F7EA7F07146 /* Pods */,
				AD4554875365729A75650A78 /* Frameworks */,
			);
			sourceTree = "<group>";
		};
		6C56189720670FEE00DCAA46 /* Products */ = {
			isa = PBXGroup;
			children = (
				6C56189620670FEE00DCAA46 /* Mentor-iOS.app */,
			);
			name = Products;
			sourceTree = "<group>";
		};
		6C56189820670FEE00DCAA46 /* Mentor-iOS */ = {
			isa = PBXGroup;
			children = (
				6CFC47AA207ECB920042F96F /* Mentor-iOS.entitlements */,
				6C4A53DA20775A6900D00C4F /* UI */,
				6CE702F620706CCF00D2A630 /* Extensions */,
				6C5618BC206C417700DCAA46 /* HTTPClients */,
				6C5618A020670FEE00DCAA46 /* Assets.xcassets */,
				6C5618A220670FEE00DCAA46 /* LaunchScreen.storyboard */,
				6C5618A520670FEE00DCAA46 /* Info.plist */,
				6C5618AB206714C700DCAA46 /* Credentials.swift */,
			);
			path = "Mentor-iOS";
			sourceTree = "<group>";
		};
		6C5618AF206B787B00DCAA46 /* Matches */ = {
			isa = PBXGroup;
			children = (
				6C5618CA206D7C7700DCAA46 /* Cells */,
				6C5618C8206D7BA100DCAA46 /* VIewControllers */,
			);
			path = Matches;
			sourceTree = "<group>";
		};
		6C5618B2206B7A0B00DCAA46 /* Messages */ = {
			isa = PBXGroup;
			children = (
				6CE702FF2070818E00D2A630 /* Cells */,
				6CE702FC2070809A00D2A630 /* ViewModels */,
				6CE702FB2070806500D2A630 /* ViewControllers */,
				6CE702FA2070805D00D2A630 /* DataSource */,
				6C5618AD206B647B00DCAA46 /* PusherHelpers.swift */,
				6C56189B20670FEE00DCAA46 /* ViewController.swift */,
			);
			path = Messages;
			sourceTree = "<group>";
		};
		6C5618B3206B7A1400DCAA46 /* Profile */ = {
			isa = PBXGroup;
			children = (
				6C4A53F52079E3BB00D00C4F /* PhotoUpload */,
				6C4A53DF20776BA300D00C4F /* ViewControllers */,
				6C4A53DE20776B9B00D00C4F /* ViewModels */,
			);
			path = Profile;
			sourceTree = "<group>";
		};
		6C5618BC206C417700DCAA46 /* HTTPClients */ = {
			isa = PBXGroup;
			children = (
				6C5618BD206C41C100DCAA46 /* ServerNetworking.swift */,
				6C5618BF206C444900DCAA46 /* User.swift */,
				6CBC6BFB2070D4410039A4F6 /* Match.swift */,
				6C3FED2D2074A134006D45D5 /* Message.swift */,
				6C4A53F12078726700D00C4F /* UserSignUp.swift */,
			);
			path = HTTPClients;
			sourceTree = "<group>";
		};
		6C5618C8206D7BA100DCAA46 /* VIewControllers */ = {
			isa = PBXGroup;
			children = (
				6C5618B4206B7A6300DCAA46 /* MatchesVC.swift */,
			);
			path = VIewControllers;
			sourceTree = "<group>";
		};
		6C5618C9206D7BAB00DCAA46 /* DataSources */ = {
			isa = PBXGroup;
			children = (
				6C5618C5206D7B6000DCAA46 /* CollectionViewDataSource.swift */,
			);
			path = DataSources;
			sourceTree = "<group>";
		};
		6C5618CA206D7C7700DCAA46 /* Cells */ = {
			isa = PBXGroup;
			children = (
				6C5618CB206D7C9100DCAA46 /* MatchesListCell.swift */,
			);
			path = Cells;
			sourceTree = "<group>";
		};
		6CE702F620706CCF00D2A630 /* Extensions */ = {
			isa = PBXGroup;
			children = (
				6C4A5401207AF2E100D00C4F /* CustomDesign */,
				6C5618C3206C533100DCAA46 /* UIImageView+Extension.swift */,
				6CC44BB12073000500AB92A4 /* URLParam+Extension.swift */,
				6C4A53EF2078716600D00C4F /* UIViewController+Extensions.swift */,
			);
			path = Extensions;
			sourceTree = "<group>";
		};
		6CE702F720706CFD00D2A630 /* TabBar */ = {
			isa = PBXGroup;
			children = (
				6C5618B0206B78D000DCAA46 /* TabBarController.swift */,
			);
			path = TabBar;
			sourceTree = "<group>";
		};
		6CE702FA2070805D00D2A630 /* DataSource */ = {
			isa = PBXGroup;
			children = (
				6CE702F82070801A00D2A630 /* TableDataSource.swift */,
			);
			path = DataSource;
			sourceTree = "<group>";
		};
		6CE702FB2070806500D2A630 /* ViewControllers */ = {
			isa = PBXGroup;
			children = (
				6C5618B6206B7AE600DCAA46 /* MessagesVC.swift */,
				6CC44BB320736D0C00AB92A4 /* ConversationVC.swift */,
				6C4A53DC20775F6D00D00C4F /* ConversationVC+Extension.swift */,
			);
			path = ViewControllers;
			sourceTree = "<group>";
		};
		6CE702FC2070809A00D2A630 /* ViewModels */ = {
			isa = PBXGroup;
			children = (
				6C3FED2F2074A79A006D45D5 /* ConversationViewModel.swift */,
			);
			path = ViewModels;
			sourceTree = "<group>";
		};
		6CE702FF2070818E00D2A630 /* Cells */ = {
			isa = PBXGroup;
			children = (
				6CE70300207081B100D2A630 /* MessageCell.swift */,
				6CC44BB520744A7400AB92A4 /* ConversationCell.swift */,
			);
			path = Cells;
			sourceTree = "<group>";
		};
		95E63E73D7D76F7EA7F07146 /* Pods */ = {
			isa = PBXGroup;
			children = (
				3FE405E811336B6A2A476782 /* Pods-Mentor-iOS.debug.xcconfig */,
				C84BB0C96CC25AC9880D289B /* Pods-Mentor-iOS.release.xcconfig */,
			);
			name = Pods;
			sourceTree = "<group>";
		};
		AD4554875365729A75650A78 /* Frameworks */ = {
			isa = PBXGroup;
			children = (
				B81E3CB86C48174EEA96C22B /* Pods_Mentor_iOS.framework */,
			);
			name = Frameworks;
			sourceTree = "<group>";
		};
/* End PBXGroup section */

/* Begin PBXNativeTarget section */
		6C56189520670FEE00DCAA46 /* Mentor-iOS */ = {
			isa = PBXNativeTarget;
			buildConfigurationList = 6C5618A820670FEE00DCAA46 /* Build configuration list for PBXNativeTarget "Mentor-iOS" */;
			buildPhases = (
				53F38108BCD1F67DA5470DA8 /* [CP] Check Pods Manifest.lock */,
				6C56189220670FEE00DCAA46 /* Sources */,
				6C56189320670FEE00DCAA46 /* Frameworks */,
				6C56189420670FEE00DCAA46 /* Resources */,
				23B2C575E69221DCCB836D0A /* [CP] Embed Pods Frameworks */,
			);
			buildRules = (
			);
			dependencies = (
			);
			name = "Mentor-iOS";
			productName = "Mentor-iOS";
			productReference = 6C56189620670FEE00DCAA46 /* Mentor-iOS.app */;
			productType = "com.apple.product-type.application";
		};
/* End PBXNativeTarget section */

/* Begin PBXProject section */
		6C56188E20670FEE00DCAA46 /* Project object */ = {
			isa = PBXProject;
			attributes = {
				LastSwiftUpdateCheck = 0920;
				LastUpgradeCheck = 0920;
				ORGANIZATIONNAME = "Melody Yang";
				TargetAttributes = {
					6C56189520670FEE00DCAA46 = {
						CreatedOnToolsVersion = 9.2;
						ProvisioningStyle = Automatic;
						SystemCapabilities = {
							com.apple.BackgroundModes = {
								enabled = 1;
							};
							com.apple.Push = {
								enabled = 1;
							};
						};
					};
				};
			};
			buildConfigurationList = 6C56189120670FEE00DCAA46 /* Build configuration list for PBXProject "Mentor-iOS" */;
			compatibilityVersion = "Xcode 8.0";
			developmentRegion = en;
			hasScannedForEncodings = 0;
			knownRegions = (
				en,
				Base,
			);
			mainGroup = 6C56188D20670FEE00DCAA46;
			productRefGroup = 6C56189720670FEE00DCAA46 /* Products */;
			projectDirPath = "";
			projectRoot = "";
			targets = (
				6C56189520670FEE00DCAA46 /* Mentor-iOS */,
			);
		};
/* End PBXProject section */

/* Begin PBXResourcesBuildPhase section */
		6C56189420670FEE00DCAA46 /* Resources */ = {
			isa = PBXResourcesBuildPhase;
			buildActionMask = 2147483647;
			files = (
				6C5618A420670FEE00DCAA46 /* LaunchScreen.storyboard in Resources */,
				6C5618A120670FEE00DCAA46 /* Assets.xcassets in Resources */,
			);
			runOnlyForDeploymentPostprocessing = 0;
		};
/* End PBXResourcesBuildPhase section */

/* Begin PBXShellScriptBuildPhase section */
		23B2C575E69221DCCB836D0A /* [CP] Embed Pods Frameworks */ = {
			isa = PBXShellScriptBuildPhase;
			buildActionMask = 2147483647;
			files = (
			);
			inputPaths = (
				"${SRCROOT}/Pods/Target Support Files/Pods-Mentor-iOS/Pods-Mentor-iOS-frameworks.sh",
				"${BUILT_PRODUCTS_DIR}/Alamofire/Alamofire.framework",
				"${BUILT_PRODUCTS_DIR}/IQKeyboardManagerSwift/IQKeyboardManagerSwift.framework",
				"${BUILT_PRODUCTS_DIR}/KeychainSwift/KeychainSwift.framework",
				"${BUILT_PRODUCTS_DIR}/PushNotifications/PushNotifications.framework",
				"${BUILT_PRODUCTS_DIR}/PusherSwift/PusherSwift.framework",
			);
			name = "[CP] Embed Pods Frameworks";
			outputPaths = (
				"${TARGET_BUILD_DIR}/${FRAMEWORKS_FOLDER_PATH}/Alamofire.framework",
				"${TARGET_BUILD_DIR}/${FRAMEWORKS_FOLDER_PATH}/IQKeyboardManagerSwift.framework",
				"${TARGET_BUILD_DIR}/${FRAMEWORKS_FOLDER_PATH}/KeychainSwift.framework",
				"${TARGET_BUILD_DIR}/${FRAMEWORKS_FOLDER_PATH}/PushNotifications.framework",
				"${TARGET_BUILD_DIR}/${FRAMEWORKS_FOLDER_PATH}/PusherSwift.framework",
			);
			runOnlyForDeploymentPostprocessing = 0;
			shellPath = /bin/sh;
			shellScript = "\"${SRCROOT}/Pods/Target Support Files/Pods-Mentor-iOS/Pods-Mentor-iOS-frameworks.sh\"\n";
			showEnvVarsInLog = 0;
		};
		53F38108BCD1F67DA5470DA8 /* [CP] Check Pods Manifest.lock */ = {
			isa = PBXShellScriptBuildPhase;
			buildActionMask = 2147483647;
			files = (
			);
			inputPaths = (
				"${PODS_PODFILE_DIR_PATH}/Podfile.lock",
				"${PODS_ROOT}/Manifest.lock",
			);
			name = "[CP] Check Pods Manifest.lock";
			outputPaths = (
				"$(DERIVED_FILE_DIR)/Pods-Mentor-iOS-checkManifestLockResult.txt",
			);
			runOnlyForDeploymentPostprocessing = 0;
			shellPath = /bin/sh;
			shellScript = "diff \"${PODS_PODFILE_DIR_PATH}/Podfile.lock\" \"${PODS_ROOT}/Manifest.lock\" > /dev/null\nif [ $? != 0 ] ; then\n    # print error to STDERR\n    echo \"error: The sandbox is not in sync with the Podfile.lock. Run 'pod install' or update your CocoaPods installation.\" >&2\n    exit 1\nfi\n# This output is used by Xcode 'outputs' to avoid re-running this script phase.\necho \"SUCCESS\" > \"${SCRIPT_OUTPUT_FILE_0}\"\n";
			showEnvVarsInLog = 0;
		};
/* End PBXShellScriptBuildPhase section */

/* Begin PBXSourcesBuildPhase section */
		6C56189220670FEE00DCAA46 /* Sources */ = {
			isa = PBXSourcesBuildPhase;
			buildActionMask = 2147483647;
			files = (
				6C5618B5206B7A6300DCAA46 /* MatchesVC.swift in Sources */,
				6C5618AE206B647B00DCAA46 /* PusherHelpers.swift in Sources */,
				6C4A5403207AF33100D00C4F /* UIButton+Extension.swift in Sources */,
				6C4A53EA20784B1E00D00C4F /* AppKeys.swift in Sources */,
				6CE70301207081B100D2A630 /* MessageCell.swift in Sources */,
				6C4A5405207B201400D00C4F /* UITextField+Extension.swift in Sources */,
				6C5618C4206C533100DCAA46 /* UIImageView+Extension.swift in Sources */,
				6CE702F92070801A00D2A630 /* TableDataSource.swift in Sources */,
				6C5618AC206714C700DCAA46 /* Credentials.swift in Sources */,
				6C5618BB206C15F000DCAA46 /* UIView+AutoLayout.swift in Sources */,
				6CC44BB22073000500AB92A4 /* URLParam+Extension.swift in Sources */,
				6C5618B1206B78D000DCAA46 /* TabBarController.swift in Sources */,
				6CFC4753207DF91D0042F96F /* UIView+Extension.swift in Sources */,
				6CBC6BFC2070D4410039A4F6 /* Match.swift in Sources */,
				6CE702FE207080E100D2A630 /* MessageViewModel.swift in Sources */,
				6C5618B9206B7B1600DCAA46 /* ProfileVC.swift in Sources */,
				6CC44BB620744A7400AB92A4 /* ConversationCell.swift in Sources */,
				6C4A5400207AF1E900D00C4F /* UICollectionCell+Extension.swift in Sources */,
				6C4A53E8207849CA00D00C4F /* AppDelegateViewModel.swift in Sources */,
				6C3FED302074A79A006D45D5 /* ConversationViewModel.swift in Sources */,
				6C5618C2206C4E9400DCAA46 /* UserViewModel.swift in Sources */,
				6C5618BE206C41C100DCAA46 /* ServerNetworking.swift in Sources */,
				6CFC4755207EB5820042F96F /* CollectionView+Extension.swift in Sources */,
				6C56189C20670FEE00DCAA46 /* ViewController.swift in Sources */,
				6CC44BB420736D0C00AB92A4 /* ConversationVC.swift in Sources */,
				6C3FED2E2074A134006D45D5 /* Message.swift in Sources */,
				6C4A53EC2078603500D00C4F /* UIWindow+Extensions.swift in Sources */,
				6C4A53F42078844D00D00C4F /* OpenningVC.swift in Sources */,
				6C4A53E52078481400D00C4F /* EditVC.swift in Sources */,
				6C4A53F82079E3D500D00C4F /* EditVC+PhotoExtension.swift in Sources */,
				6C4A53DD20775F6D00D00C4F /* ConversationVC+Extension.swift in Sources */,
				6C5618C6206D7B6000DCAA46 /* CollectionViewDataSource.swift in Sources */,
				6C4A53F22078726700D00C4F /* UserSignUp.swift in Sources */,
				6C4A53F92079E3D500D00C4F /* UploadImage.swift in Sources */,
				6C4A53EE207860AE00D00C4F /* UIColor+Extensions.swift in Sources */,
				6C4A53FE207A13CC00D00C4F /* EditVC+Extension.swift in Sources */,
				6C56189A20670FEE00DCAA46 /* AppDelegate.swift in Sources */,
				6C4A53E3207847E800D00C4F /* LoginVC.swift in Sources */,
				6C4A53F02078716600D00C4F /* UIViewController+Extensions.swift in Sources */,
				6C5618B7206B7AE600DCAA46 /* MessagesVC.swift in Sources */,
				6C5618CC206D7C9100DCAA46 /* MatchesListCell.swift in Sources */,
				6C5618C0206C444900DCAA46 /* User.swift in Sources */,
			);
			runOnlyForDeploymentPostprocessing = 0;
		};
/* End PBXSourcesBuildPhase section */

/* Begin PBXVariantGroup section */
		6C5618A220670FEE00DCAA46 /* LaunchScreen.storyboard */ = {
			isa = PBXVariantGroup;
			children = (
				6C5618A320670FEE00DCAA46 /* Base */,
			);
			name = LaunchScreen.storyboard;
			sourceTree = "<group>";
		};
/* End PBXVariantGroup section */

/* Begin XCBuildConfiguration section */
		6C5618A620670FEE00DCAA46 /* Debug */ = {
			isa = XCBuildConfiguration;
			buildSettings = {
				ALWAYS_SEARCH_USER_PATHS = NO;
				CLANG_ANALYZER_NONNULL = YES;
				CLANG_ANALYZER_NUMBER_OBJECT_CONVERSION = YES_AGGRESSIVE;
				CLANG_CXX_LANGUAGE_STANDARD = "gnu++14";
				CLANG_CXX_LIBRARY = "libc++";
				CLANG_ENABLE_MODULES = YES;
				CLANG_ENABLE_OBJC_ARC = YES;
				CLANG_WARN_BLOCK_CAPTURE_AUTORELEASING = YES;
				CLANG_WARN_BOOL_CONVERSION = YES;
				CLANG_WARN_COMMA = YES;
				CLANG_WARN_CONSTANT_CONVERSION = YES;
				CLANG_WARN_DIRECT_OBJC_ISA_USAGE = YES_ERROR;
				CLANG_WARN_DOCUMENTATION_COMMENTS = YES;
				CLANG_WARN_EMPTY_BODY = YES;
				CLANG_WARN_ENUM_CONVERSION = YES;
				CLANG_WARN_INFINITE_RECURSION = YES;
				CLANG_WARN_INT_CONVERSION = YES;
				CLANG_WARN_NON_LITERAL_NULL_CONVERSION = YES;
				CLANG_WARN_OBJC_LITERAL_CONVERSION = YES;
				CLANG_WARN_OBJC_ROOT_CLASS = YES_ERROR;
				CLANG_WARN_RANGE_LOOP_ANALYSIS = YES;
				CLANG_WARN_STRICT_PROTOTYPES = YES;
				CLANG_WARN_SUSPICIOUS_MOVE = YES;
				CLANG_WARN_UNGUARDED_AVAILABILITY = YES_AGGRESSIVE;
				CLANG_WARN_UNREACHABLE_CODE = YES;
				CLANG_WARN__DUPLICATE_METHOD_MATCH = YES;
				CODE_SIGN_IDENTITY = "iPhone Developer";
				COPY_PHASE_STRIP = NO;
				DEBUG_INFORMATION_FORMAT = dwarf;
				ENABLE_STRICT_OBJC_MSGSEND = YES;
				ENABLE_TESTABILITY = YES;
				GCC_C_LANGUAGE_STANDARD = gnu11;
				GCC_DYNAMIC_NO_PIC = NO;
				GCC_NO_COMMON_BLOCKS = YES;
				GCC_OPTIMIZATION_LEVEL = 0;
				GCC_PREPROCESSOR_DEFINITIONS = (
					"DEBUG=1",
					"$(inherited)",
				);
				GCC_WARN_64_TO_32_BIT_CONVERSION = YES;
				GCC_WARN_ABOUT_RETURN_TYPE = YES_ERROR;
				GCC_WARN_UNDECLARED_SELECTOR = YES;
				GCC_WARN_UNINITIALIZED_AUTOS = YES_AGGRESSIVE;
				GCC_WARN_UNUSED_FUNCTION = YES;
				GCC_WARN_UNUSED_VARIABLE = YES;
				IPHONEOS_DEPLOYMENT_TARGET = 11.2;
				MTL_ENABLE_DEBUG_INFO = YES;
				ONLY_ACTIVE_ARCH = YES;
				SDKROOT = iphoneos;
				SWIFT_ACTIVE_COMPILATION_CONDITIONS = DEBUG;
				SWIFT_OPTIMIZATION_LEVEL = "-Onone";
			};
			name = Debug;
		};
		6C5618A720670FEE00DCAA46 /* Release */ = {
			isa = XCBuildConfiguration;
			buildSettings = {
				ALWAYS_SEARCH_USER_PATHS = NO;
				CLANG_ANALYZER_NONNULL = YES;
				CLANG_ANALYZER_NUMBER_OBJECT_CONVERSION = YES_AGGRESSIVE;
				CLANG_CXX_LANGUAGE_STANDARD = "gnu++14";
				CLANG_CXX_LIBRARY = "libc++";
				CLANG_ENABLE_MODULES = YES;
				CLANG_ENABLE_OBJC_ARC = YES;
				CLANG_WARN_BLOCK_CAPTURE_AUTORELEASING = YES;
				CLANG_WARN_BOOL_CONVERSION = YES;
				CLANG_WARN_COMMA = YES;
				CLANG_WARN_CONSTANT_CONVERSION = YES;
				CLANG_WARN_DIRECT_OBJC_ISA_USAGE = YES_ERROR;
				CLANG_WARN_DOCUMENTATION_COMMENTS = YES;
				CLANG_WARN_EMPTY_BODY = YES;
				CLANG_WARN_ENUM_CONVERSION = YES;
				CLANG_WARN_INFINITE_RECURSION = YES;
				CLANG_WARN_INT_CONVERSION = YES;
				CLANG_WARN_NON_LITERAL_NULL_CONVERSION = YES;
				CLANG_WARN_OBJC_LITERAL_CONVERSION = YES;
				CLANG_WARN_OBJC_ROOT_CLASS = YES_ERROR;
				CLANG_WARN_RANGE_LOOP_ANALYSIS = YES;
				CLANG_WARN_STRICT_PROTOTYPES = YES;
				CLANG_WARN_SUSPICIOUS_MOVE = YES;
				CLANG_WARN_UNGUARDED_AVAILABILITY = YES_AGGRESSIVE;
				CLANG_WARN_UNREACHABLE_CODE = YES;
				CLANG_WARN__DUPLICATE_METHOD_MATCH = YES;
				CODE_SIGN_IDENTITY = "iPhone Developer";
				COPY_PHASE_STRIP = NO;
				DEBUG_INFORMATION_FORMAT = "dwarf-with-dsym";
				ENABLE_NS_ASSERTIONS = NO;
				ENABLE_STRICT_OBJC_MSGSEND = YES;
				GCC_C_LANGUAGE_STANDARD = gnu11;
				GCC_NO_COMMON_BLOCKS = YES;
				GCC_WARN_64_TO_32_BIT_CONVERSION = YES;
				GCC_WARN_ABOUT_RETURN_TYPE = YES_ERROR;
				GCC_WARN_UNDECLARED_SELECTOR = YES;
				GCC_WARN_UNINITIALIZED_AUTOS = YES_AGGRESSIVE;
				GCC_WARN_UNUSED_FUNCTION = YES;
				GCC_WARN_UNUSED_VARIABLE = YES;
				IPHONEOS_DEPLOYMENT_TARGET = 11.2;
				MTL_ENABLE_DEBUG_INFO = NO;
				SDKROOT = iphoneos;
				SWIFT_OPTIMIZATION_LEVEL = "-Owholemodule";
				VALIDATE_PRODUCT = YES;
			};
			name = Release;
		};
		6C5618A920670FEE00DCAA46 /* Debug */ = {
			isa = XCBuildConfiguration;
			baseConfigurationReference = 3FE405E811336B6A2A476782 /* Pods-Mentor-iOS.debug.xcconfig */;
			buildSettings = {
				ASSETCATALOG_COMPILER_APPICON_NAME = AppIcon;
				CODE_SIGN_ENTITLEMENTS = "Mentor-iOS/Mentor-iOS.entitlements";
				CODE_SIGN_STYLE = Automatic;
				DEVELOPMENT_TEAM = 9JYNRTHSJ3;
				INFOPLIST_FILE = "Mentor-iOS/Info.plist";
				LD_RUNPATH_SEARCH_PATHS = "$(inherited) @executable_path/Frameworks";
				PRODUCT_BUNDLE_IDENTIFIER = "com.Melody-Yang.Mentor-iOS";
				PRODUCT_NAME = "$(TARGET_NAME)";
				SWIFT_VERSION = 4.0;
				TARGETED_DEVICE_FAMILY = 1;
			};
			name = Debug;
		};
		6C5618AA20670FEE00DCAA46 /* Release */ = {
			isa = XCBuildConfiguration;
			baseConfigurationReference = C84BB0C96CC25AC9880D289B /* Pods-Mentor-iOS.release.xcconfig */;
			buildSettings = {
				ASSETCATALOG_COMPILER_APPICON_NAME = AppIcon;
				CODE_SIGN_ENTITLEMENTS = "Mentor-iOS/Mentor-iOS.entitlements";
				CODE_SIGN_STYLE = Automatic;
				DEVELOPMENT_TEAM = 9JYNRTHSJ3;
				INFOPLIST_FILE = "Mentor-iOS/Info.plist";
				LD_RUNPATH_SEARCH_PATHS = "$(inherited) @executable_path/Frameworks";
				PRODUCT_BUNDLE_IDENTIFIER = "com.Melody-Yang.Mentor-iOS";
				PRODUCT_NAME = "$(TARGET_NAME)";
				SWIFT_VERSION = 4.0;
				TARGETED_DEVICE_FAMILY = 1;
			};
			name = Release;
		};
/* End XCBuildConfiguration section */

/* Begin XCConfigurationList section */
		6C56189120670FEE00DCAA46 /* Build configuration list for PBXProject "Mentor-iOS" */ = {
			isa = XCConfigurationList;
			buildConfigurations = (
				6C5618A620670FEE00DCAA46 /* Debug */,
				6C5618A720670FEE00DCAA46 /* Release */,
			);
			defaultConfigurationIsVisible = 0;
			defaultConfigurationName = Release;
		};
		6C5618A820670FEE00DCAA46 /* Build configuration list for PBXNativeTarget "Mentor-iOS" */ = {
			isa = XCConfigurationList;
			buildConfigurations = (
				6C5618A920670FEE00DCAA46 /* Debug */,
				6C5618AA20670FEE00DCAA46 /* Release */,
			);
			defaultConfigurationIsVisible = 0;
			defaultConfigurationName = Release;
		};
/* End XCConfigurationList section */
	};
	rootObject = 6C56188E20670FEE00DCAA46 /* Project object */;
}
